// !$*UTF8*$!
{
	archiveVersion = 1;
	classes = {
	};
	objectVersion = 50;
	objects = {

/* Begin PBXBuildFile section */
		86743E8F274946F10061CA47 /* AppDelegate.swift in Sources */ = {isa = PBXBuildFile; fileRef = 86743E8E274946F10061CA47 /* AppDelegate.swift */; };
		86743E91274946F10061CA47 /* SceneDelegate.swift in Sources */ = {isa = PBXBuildFile; fileRef = 86743E90274946F10061CA47 /* SceneDelegate.swift */; };
		86743E93274946F10061CA47 /* ContentView.swift in Sources */ = {isa = PBXBuildFile; fileRef = 86743E92274946F10061CA47 /* ContentView.swift */; };
		86743E96274946F10061CA47 /* Simple_MVVM.xcdatamodeld in Sources */ = {isa = PBXBuildFile; fileRef = 86743E94274946F10061CA47 /* Simple_MVVM.xcdatamodeld */; };
		86743E98274946F30061CA47 /* Assets.xcassets in Resources */ = {isa = PBXBuildFile; fileRef = 86743E97274946F30061CA47 /* Assets.xcassets */; };
		86743E9B274946F30061CA47 /* Preview Assets.xcassets in Resources */ = {isa = PBXBuildFile; fileRef = 86743E9A274946F30061CA47 /* Preview Assets.xcassets */; };
		86743E9E274946F30061CA47 /* LaunchScreen.storyboard in Resources */ = {isa = PBXBuildFile; fileRef = 86743E9C274946F30061CA47 /* LaunchScreen.storyboard */; };
/* End PBXBuildFile section */

/* Begin PBXFileReference section */
		86743E8B274946F10061CA47 /* Simple_MVVM.app */ = {isa = PBXFileReference; explicitFileType = wrapper.application; includeInIndex = 0; path = Simple_MVVM.app; sourceTree = BUILT_PRODUCTS_DIR; };
		86743E8E274946F10061CA47 /* AppDelegate.swift */ = {isa = PBXFileReference; lastKnownFileType = sourcecode.swift; path = AppDelegate.swift; sourceTree = "<group>"; };
		86743E90274946F10061CA47 /* SceneDelegate.swift */ = {isa = PBXFileReference; lastKnownFileType = sourcecode.swift; path = SceneDelegate.swift; sourceTree = "<group>"; };
		86743E92274946F10061CA47 /* ContentView.swift */ = {isa = PBXFileReference; lastKnownFileType = sourcecode.swift; path = ContentView.swift; sourceTree = "<group>"; };
		86743E95274946F10061CA47 /* Simple_MVVM.xcdatamodel */ = {isa = PBXFileReference; lastKnownFileType = wrapper.xcdatamodel; path = Simple_MVVM.xcdatamodel; sourceTree = "<group>"; };
		86743E97274946F30061CA47 /* Assets.xcassets */ = {isa = PBXFileReference; lastKnownFileType = folder.assetcatalog; path = Assets.xcassets; sourceTree = "<group>"; };
		86743E9A274946F30061CA47 /* Preview Assets.xcassets */ = {isa = PBXFileReference; lastKnownFileType = folder.assetcatalog; path = "Preview Assets.xcassets"; sourceTree = "<group>"; };
		86743E9D274946F30061CA47 /* Base */ = {isa = PBXFileReference; lastKnownFileType = file.storyboard; name = Base; path = Base.lproj/LaunchScreen.storyboard; sourceTree = "<group>"; };
		86743E9F274946F30061CA47 /* Info.plist */ = {isa = PBXFileReference; lastKnownFileType = text.plist.xml; path = Info.plist; sourceTree = "<group>"; };
/* End PBXFileReference section */

/* Begin PBXFrameworksBuildPhase section */
		86743E88274946F10061CA47 /* Frameworks */ = {
			isa = PBXFrameworksBuildPhase;
			buildActionMask = 2147483647;
			files = (
			);
			runOnlyForDeploymentPostprocessing = 0;
		};
/* End PBXFrameworksBuildPhase section */

/* Begin PBXGroup section */
		86743E82274946F10061CA47 = {
			isa = PBXGroup;
			children = (
				86743E8D274946F10061CA47 /* Simple_MVVM */,
				86743E8C274946F10061CA47 /* Products */,
			);
			sourceTree = "<group>";
		};
		86743E8C274946F10061CA47 /* Products */ = {
			isa = PBXGroup;
			children = (
				86743E8B274946F10061CA47 /* Simple_MVVM.app */,
			);
			name = Products;
			sourceTree = "<group>";
		};
		86743E8D274946F10061CA47 /* Simple_MVVM */ = {
			isa = PBXGroup;
			children = (
				86743EA7274946FE0061CA47 /* ViewModel */,
				86743EA6274946FA0061CA47 /* Model */,
				86743EA5274946F70061CA47 /* View */,
				86743E8E274946F10061CA47 /* AppDelegate.swift */,
				86743E90274946F10061CA47 /* SceneDelegate.swift */,
				86743E97274946F30061CA47 /* Assets.xcassets */,
				86743E9C274946F30061CA47 /* LaunchScreen.storyboard */,
				86743E9F274946F30061CA47 /* Info.plist */,
				86743E94274946F10061CA47 /* Simple_MVVM.xcdatamodeld */,
				86743E99274946F30061CA47 /* Preview Content */,
			);
			path = Simple_MVVM;
			sourceTree = "<group>";
		};
		86743E99274946F30061CA47 /* Preview Content */ = {
			isa = PBXGroup;
			children = (
				86743E9A274946F30061CA47 /* Preview Assets.xcassets */,
			);
			path = "Preview Content";
			sourceTree = "<group>";
		};
		86743EA5274946F70061CA47 /* View */ = {
			isa = PBXGroup;
			children = (
				86743E92274946F10061CA47 /* ContentView.swift */,
			);
			path = View;
			sourceTree = "<group>";
		};
		86743EA6274946FA0061CA47 /* Model */ = {
			isa = PBXGroup;
			children = (
			);
			path = Model;
			sourceTree = "<group>";
		};
		86743EA7274946FE0061CA47 /* ViewModel */ = {
			isa = PBXGroup;
			children = (
			);
			path = ViewModel;
			sourceTree = "<group>";
		};
/* End PBXGroup section */

/* Begin PBXNativeTarget section */
		86743E8A274946F10061CA47 /* Simple_MVVM */ = {
			isa = PBXNativeTarget;
			buildConfigurationList = 86743EA2274946F30061CA47 /* Build configuration list for PBXNativeTarget "Simple_MVVM" */;
			buildPhases = (
				86743E87274946F10061CA47 /* Sources */,
				86743E88274946F10061CA47 /* Frameworks */,
				86743E89274946F10061CA47 /* Resources */,
			);
			buildRules = (
			);
			dependencies = (
			);
			name = Simple_MVVM;
			productName = Simple_MVVM;
			productReference = 86743E8B274946F10061CA47 /* Simple_MVVM.app */;
			productType = "com.apple.product-type.application";
		};
/* End PBXNativeTarget section */

/* Begin PBXProject section */
		86743E83274946F10061CA47 /* Project object */ = {
			isa = PBXProject;
			attributes = {
				LastSwiftUpdateCheck = 1250;
				LastUpgradeCheck = 1250;
				TargetAttributes = {
					86743E8A274946F10061CA47 = {
						CreatedOnToolsVersion = 12.5;
					};
				};
			};
			buildConfigurationList = 86743E86274946F10061CA47 /* Build configuration list for PBXProject "Simple_MVVM" */;
			compatibilityVersion = "Xcode 9.3";
			developmentRegion = en;
			hasScannedForEncodings = 0;
			knownRegions = (
				en,
				Base,
			);
			mainGroup = 86743E82274946F10061CA47;
			productRefGroup = 86743E8C274946F10061CA47 /* Products */;
			projectDirPath = "";
			projectRoot = "";
			targets = (
				86743E8A274946F10061CA47 /* Simple_MVVM */,
			);
		};
/* End PBXProject section */

/* Begin PBXResourcesBuildPhase section */
		86743E89274946F10061CA47 /* Resources */ = {
			isa = PBXResourcesBuildPhase;
			buildActionMask = 2147483647;
			files = (
				86743E9E274946F30061CA47 /* LaunchScreen.storyboard in Resources */,
				86743E9B274946F30061CA47 /* Preview Assets.xcassets in Resources */,
				86743E98274946F30061CA47 /* Assets.xcassets in Resources */,
			);
			runOnlyForDeploymentPostprocessing = 0;
		};
/* End PBXResourcesBuildPhase section */

/* Begin PBXSourcesBuildPhase section */
		86743E87274946F10061CA47 /* Sources */ = {
			isa = PBXSourcesBuildPhase;
			buildActionMask = 2147483647;
			files = (
				86743E8F274946F10061CA47 /* AppDelegate.swift in Sources */,
				86743E91274946F10061CA47 /* SceneDelegate.swift in Sources */,
				86743E93274946F10061CA47 /* ContentView.swift in Sources */,
				86743E96274946F10061CA47 /* Simple_MVVM.xcdatamodeld in Sources */,
			);
			runOnlyForDeploymentPostprocessing = 0;
		};
/* End PBXSourcesBuildPhase section */

/* Begin PBXVariantGroup section */
		86743E9C274946F30061CA47 /* LaunchScreen.storyboard */ = {
			isa = PBXVariantGroup;
			children = (
				86743E9D274946F30061CA47 /* Base */,
			);
			name = LaunchScreen.storyboard;
			sourceTree = "<group>";
		};
/* End PBXVariantGroup section */

/* Begin XCBuildConfiguration section */
		86743EA0274946F30061CA47 /* Debug */ = {
			isa = XCBuildConfiguration;
			buildSettings = {
				ALWAYS_SEARCH_USER_PATHS = NO;
				CLANG_ANALYZER_NONNULL = YES;
				CLANG_ANALYZER_NUMBER_OBJECT_CONVERSION = YES_AGGRESSIVE;
				CLANG_CXX_LANGUAGE_STANDARD = "gnu++14";
				CLANG_CXX_LIBRARY = "libc++";
				CLANG_ENABLE_MODULES = YES;
				CLANG_ENABLE_OBJC_ARC = YES;
				CLANG_ENABLE_OBJC_WEAK = YES;
				CLANG_WARN_BLOCK_CAPTURE_AUTORELEASING = YES;
				CLANG_WARN_BOOL_CONVERSION = YES;
				CLANG_WARN_COMMA = YES;
				CLANG_WARN_CONSTANT_CONVERSION = YES;
				CLANG_WARN_DEPRECATED_OBJC_IMPLEMENTATIONS = YES;
				CLANG_WARN_DIRECT_OBJC_ISA_USAGE = YES_ERROR;
				CLANG_WARN_DOCUMENTATION_COMMENTS = YES;
				CLANG_WARN_EMPTY_BODY = YES;
				CLANG_WARN_ENUM_CONVERSION = YES;
				CLANG_WARN_INFINITE_RECURSION = YES;
				CLANG_WARN_INT_CONVERSION = YES;
				CLANG_WARN_NON_LITERAL_NULL_CONVERSION = YES;
				CLANG_WARN_OBJC_IMPLICIT_RETAIN_SELF = YES;
				CLANG_WARN_OBJC_LITERAL_CONVERSION = YES;
				CLANG_WARN_OBJC_ROOT_CLASS = YES_ERROR;
				CLANG_WARN_QUOTED_INCLUDE_IN_FRAMEWORK_HEADER = YES;
				CLANG_WARN_RANGE_LOOP_ANALYSIS = YES;
				CLANG_WARN_STRICT_PROTOTYPES = YES;
				CLANG_WARN_SUSPICIOUS_MOVE = YES;
				CLANG_WARN_UNGUARDED_AVAILABILITY = YES_AGGRESSIVE;
				CLANG_WARN_UNREACHABLE_CODE = YES;
				CLANG_WARN__DUPLICATE_METHOD_MATCH = YES;
				COPY_PHASE_STRIP = NO;
				DEBUG_INFORMATION_FORMAT = dwarf;
				ENABLE_STRICT_OBJC_MSGSEND = YES;
				ENABLE_TESTABILITY = YES;
				GCC_C_LANGUAGE_STANDARD = gnu11;
				GCC_DYNAMIC_NO_PIC = NO;
				GCC_NO_COMMON_BLOCKS = YES;
				GCC_OPTIMIZATION_LEVEL = 0;
				GCC_PREPROCESSOR_DEFINITIONS = (
					"DEBUG=1",
					"$(inherited)",
				);
				GCC_WARN_64_TO_32_BIT_CONVERSION = YES;
				GCC_WARN_ABOUT_RETURN_TYPE = YES_ERROR;
				GCC_WARN_UNDECLARED_SELECTOR = YES;
				GCC_WARN_UNINITIALIZED_AUTOS = YES_AGGRESSIVE;
				GCC_WARN_UNUSED_FUNCTION = YES;
				GCC_WARN_UNUSED_VARIABLE = YES;
				IPHONEOS_DEPLOYMENT_TARGET = 14.5;
				MTL_ENABLE_DEBUG_INFO = INCLUDE_SOURCE;
				MTL_FAST_MATH = YES;
				ONLY_ACTIVE_ARCH = YES;
				SDKROOT = iphoneos;
				SWIFT_ACTIVE_COMPILATION_CONDITIONS = DEBUG;
				SWIFT_OPTIMIZATION_LEVEL = "-Onone";
			};
			name = Debug;
		};
		86743EA1274946F30061CA47 /* Release */ = {
			isa = XCBuildConfiguration;
			buildSettings = {
				ALWAYS_SEARCH_USER_PATHS = NO;
				CLANG_ANALYZER_NONNULL = YES;
				CLANG_ANALYZER_NUMBER_OBJECT_CONVERSION = YES_AGGRESSIVE;
				CLANG_CXX_LANGUAGE_STANDARD = "gnu++14";
				CLANG_CXX_LIBRARY = "libc++";
				CLANG_ENABLE_MODULES = YES;
				CLANG_ENABLE_OBJC_ARC = YES;
				CLANG_ENABLE_OBJC_WEAK = YES;
				CLANG_WARN_BLOCK_CAPTURE_AUTORELEASING = YES;
				CLANG_WARN_BOOL_CONVERSION = YES;
				CLANG_WARN_COMMA = YES;
				CLANG_WARN_CONSTANT_CONVERSION = YES;
				CLANG_WARN_DEPRECATED_OBJC_IMPLEMENTATIONS = YES;
				CLANG_WARN_DIRECT_OBJC_ISA_USAGE = YES_ERROR;
				CLANG_WARN_DOCUMENTATION_COMMENTS = YES;
				CLANG_WARN_EMPTY_BODY = YES;
				CLANG_WARN_ENUM_CONVERSION = YES;
				CLANG_WARN_INFINITE_RECURSION = YES;
				CLANG_WARN_INT_CONVERSION = YES;
				CLANG_WARN_NON_LITERAL_NULL_CONVERSION = YES;
				CLANG_WARN_OBJC_IMPLICIT_RETAIN_SELF = YES;
				CLANG_WARN_OBJC_LITERAL_CONVERSION = YES;
				CLANG_WARN_OBJC_ROOT_CLASS = YES_ERROR;
				CLANG_WARN_QUOTED_INCLUDE_IN_FRAMEWORK_HEADER = YES;
				CLANG_WARN_RANGE_LOOP_ANALYSIS = YES;
				CLANG_WARN_STRICT_PROTOTYPES = YES;
				CLANG_WARN_SUSPICIOUS_MOVE = YES;
				CLANG_WARN_UNGUARDED_AVAILABILITY = YES_AGGRESSIVE;
				CLANG_WARN_UNREACHABLE_CODE = YES;
				CLANG_WARN__DUPLICATE_METHOD_MATCH = YES;
				COPY_PHASE_STRIP = NO;
				DEBUG_INFORMATION_FORMAT = "dwarf-with-dsym";
				ENABLE_NS_ASSERTIONS = NO;
				ENABLE_STRICT_OBJC_MSGSEND = YES;
				GCC_C_LANGUAGE_STANDARD = gnu11;
				GCC_NO_COMMON_BLOCKS = YES;
				GCC_WARN_64_TO_32_BIT_CONVERSION = YES;
				GCC_WARN_ABOUT_RETURN_TYPE = YES_ERROR;
				GCC_WARN_UNDECLARED_SELECTOR = YES;
				GCC_WARN_UNINITIALIZED_AUTOS = YES_AGGRESSIVE;
				GCC_WARN_UNUSED_FUNCTION = YES;
				GCC_WARN_UNUSED_VARIABLE = YES;
				IPHONEOS_DEPLOYMENT_TARGET = 14.5;
				MTL_ENABLE_DEBUG_INFO = NO;
				MTL_FAST_MATH = YES;
				SDKROOT = iphoneos;
				SWIFT_COMPILATION_MODE = wholemodule;
				SWIFT_OPTIMIZATION_LEVEL = "-O";
				VALIDATE_PRODUCT = YES;
			};
			name = Release;
		};
		86743EA3274946F30061CA47 /* Debug */ = {
			isa = XCBuildConfiguration;
			buildSettings = {
				ASSETCATALOG_COMPILER_APPICON_NAME = AppIcon;
				ASSETCATALOG_COMPILER_GLOBAL_ACCENT_COLOR_NAME = AccentColor;
				CODE_SIGN_STYLE = Automatic;
				DEVELOPMENT_ASSET_PATHS = "\"Simple_MVVM/Preview Content\"";
				DEVELOPMENT_TEAM = 3R7XZ6SCLH;
				ENABLE_PREVIEWS = YES;
				INFOPLIST_FILE = Simple_MVVM/Info.plist;
				LD_RUNPATH_SEARCH_PATHS = (
					"$(inherited)",
					"@executable_path/Frameworks",
				);
				PRODUCT_BUNDLE_IDENTIFIER = "Jay5.Simple-MVVM";
				PRODUCT_NAME = "$(TARGET_NAME)";
				SWIFT_VERSION = 5.0;
				TARGETED_DEVICE_FAMILY = "1,2";
			};
			name = Debug;
		};
		86743EA4274946F30061CA47 /* Release */ = {
			isa = XCBuildConfiguration;
			buildSettings = {
				ASSETCATALOG_COMPILER_APPICON_NAME = AppIcon;
				ASSETCATALOG_COMPILER_GLOBAL_ACCENT_COLOR_NAME = AccentColor;
				CODE_SIGN_STYLE = Automatic;
				DEVELOPMENT_ASSET_PATHS = "\"Simple_MVVM/Preview Content\"";
				DEVELOPMENT_TEAM = 3R7XZ6SCLH;
				ENABLE_PREVIEWS = YES;
				INFOPLIST_FILE = Simple_MVVM/Info.plist;
				LD_RUNPATH_SEARCH_PATHS = (
					"$(inherited)",
					"@executable_path/Frameworks",
				);
				PRODUCT_BUNDLE_IDENTIFIER = "Jay5.Simple-MVVM";
				PRODUCT_NAME = "$(TARGET_NAME)";
				SWIFT_VERSION = 5.0;
				TARGETED_DEVICE_FAMILY = "1,2";
			};
			name = Release;
		};
/* End XCBuildConfiguration section */

/* Begin XCConfigurationList section */
		86743E86274946F10061CA47 /* Build configuration list for PBXProject "Simple_MVVM" */ = {
			isa = XCConfigurationList;
			buildConfigurations = (
				86743EA0274946F30061CA47 /* Debug */,
				86743EA1274946F30061CA47 /* Release */,
			);
			defaultConfigurationIsVisible = 0;
			defaultConfigurationName = Release;
		};
		86743EA2274946F30061CA47 /* Build configuration list for PBXNativeTarget "Simple_MVVM" */ = {
			isa = XCConfigurationList;
			buildConfigurations = (
				86743EA3274946F30061CA47 /* Debug */,
				86743EA4274946F30061CA47 /* Release */,
			);
			defaultConfigurationIsVisible = 0;
			defaultConfigurationName = Release;
		};
/* End XCConfigurationList section */

/* Begin XCVersionGroup section */
		86743E94274946F10061CA47 /* Simple_MVVM.xcdatamodeld */ = {
			isa = XCVersionGroup;
			children = (
				86743E95274946F10061CA47 /* Simple_MVVM.xcdatamodel */,
			);
			currentVersion = 86743E95274946F10061CA47 /* Simple_MVVM.xcdatamodel */;
			path = Simple_MVVM.xcdatamodeld;
			sourceTree = "<group>";
			versionGroupType = wrapper.xcdatamodel;
		};
/* End XCVersionGroup section */
	};
	rootObject = 86743E83274946F10061CA47 /* Project object */;
}
